
Microsoft Visual Studio Solution File, Format Version 12.00
# Visual Studio 15
Project("{FAE04EC0-301F-11D3-BF4B-00C04F79EFBC}") = "Emulator", "Emulator\Emulator.csproj", "{DEECF887-3B10-45A5-BAFF-9B9C0BE19A38}"
EndProject
Project("{FAE04EC0-301F-11D3-BF4B-00C04F79EFBC}") = "CS6502", "CS6502\CS6502.csproj", "{44863BD3-D035-4EDA-A5CC-25B505DA8AEB}"
EndProject
Global
	GlobalSection(SolutionConfigurationPlatforms) = preSolution
		Debug|Any CPU = Debug|Any CPU
		Release|Any CPU = Release|Any CPU
	EndGlobalSection
	GlobalSection(ProjectConfigurationPlatforms) = postSolution
		{DEECF887-3B10-45A5-BAFF-9B9C0BE19A38}.Debug|Any CPU.ActiveCfg = Debug|Any CPU
		{DEECF887-3B10-45A5-BAFF-9B9C0BE19A38}.Debug|Any CPU.Build.0 = Debug|Any CPU
		{DEECF887-3B10-45A5-BAFF-9B9C0BE19A38}.Release|Any CPU.ActiveCfg = Release|Any CPU
		{DEECF887-3B10-45A5-BAFF-9B9C0BE19A38}.Release|Any CPU.Build.0 = Release|Any CPU
		{44863BD3-D035-4EDA-A5CC-25B505DA8AEB}.Debug|Any CPU.ActiveCfg = Debug|Any CPU
		{44863BD3-D035-4EDA-A5CC-25B505DA8AEB}.Debug|Any CPU.Build.0 = Debug|Any CPU
		{44863BD3-D035-4EDA-A5CC-25B505DA8AEB}.Release|Any CPU.ActiveCfg = Release|Any CPU
		{44863BD3-D035-4EDA-A5CC-25B505DA8AEB}.Release|Any CPU.Build.0 = Release|Any CPU
	EndGlobalSection
EndGlobal
