Microsoft Visual Studio Solution File, Format Version 12.00
# Visual Studio Version 16
VisualStudioVersion = 16.0.29123.88
MinimumVisualStudioVersion = 10.0.40219.1
Project("{9A19103F-16F7-4668-BE54-9A1E7A4F7556}") = "NESEmulator", "NESEmulator\NESEmulator.csproj", "{6804450B-2B66-4829-B80A-2FAFCDA5D931}"
EndProject
Project("{9A19103F-16F7-4668-BE54-9A1E7A4F7556}") = "EmulatorTests", "EmulatorTests\EmulatorTests.csproj", "{0AF2965E-8708-471A-AA3F-09D7C9824811}"
EndProject
Project("{9A19103F-16F7-4668-BE54-9A1E7A4F7556}") = "NESEmulatorApp", "NESEmulatorApp\NESEmulatorApp.csproj", "{BE2B9F85-0B5C-44B6-B84C-0CEE7BDE20EA}"
EndProject
Project("{FAE04EC0-301F-11D3-BF4B-00C04F79EFBC}") = "csPixelGameEngine", "..\csPixelGameEngine\csPixelGameEngine\csPixelGameEngine.csproj", "{DB1E0A41-7033-48AE-9676-4538C9635223}"
EndProject
Project("{9344BDBB-3E7F-41FC-A0DD-8665D75EE146}") = "EmulatorApp", "EmulatorApp\EmulatorApp.csproj", "{68854595-6CB8-4565-A459-9EF1D24A94BD}"
EndProject
Project("{FAE04EC0-301F-11D3-BF4B-00C04F79EFBC}") = "AudioTest", "AudioTest\AudioTest.csproj", "{A9FE854A-E49B-4647-9899-9074D4BB3420}"
EndProject
Global
	GlobalSection(SolutionConfigurationPlatforms) = preSolution
		Debug|Any CPU = Debug|Any CPU
		Release|Any CPU = Release|Any CPU
	EndGlobalSection
	GlobalSection(ProjectConfigurationPlatforms) = postSolution
		{6804450B-2B66-4829-B80A-2FAFCDA5D931}.Debug|Any CPU.ActiveCfg = Debug|Any CPU
		{6804450B-2B66-4829-B80A-2FAFCDA5D931}.Debug|Any CPU.Build.0 = Debug|Any CPU
		{6804450B-2B66-4829-B80A-2FAFCDA5D931}.Release|Any CPU.ActiveCfg = Release|Any CPU
		{6804450B-2B66-4829-B80A-2FAFCDA5D931}.Release|Any CPU.Build.0 = Release|Any CPU
		{0AF2965E-8708-471A-AA3F-09D7C9824811}.Debug|Any CPU.ActiveCfg = Debug|Any CPU
		{0AF2965E-8708-471A-AA3F-09D7C9824811}.Debug|Any CPU.Build.0 = Debug|Any CPU
		{0AF2965E-8708-471A-AA3F-09D7C9824811}.Release|Any CPU.ActiveCfg = Release|Any CPU
		{0AF2965E-8708-471A-AA3F-09D7C9824811}.Release|Any CPU.Build.0 = Release|Any CPU
		{BE2B9F85-0B5C-44B6-B84C-0CEE7BDE20EA}.Debug|Any CPU.ActiveCfg = Debug|Any CPU
		{BE2B9F85-0B5C-44B6-B84C-0CEE7BDE20EA}.Debug|Any CPU.Build.0 = Debug|Any CPU
		{BE2B9F85-0B5C-44B6-B84C-0CEE7BDE20EA}.Release|Any CPU.ActiveCfg = Release|Any CPU
		{BE2B9F85-0B5C-44B6-B84C-0CEE7BDE20EA}.Release|Any CPU.Build.0 = Release|Any CPU
		{DB1E0A41-7033-48AE-9676-4538C9635223}.Debug|Any CPU.ActiveCfg = Debug|Any CPU
		{DB1E0A41-7033-48AE-9676-4538C9635223}.Debug|Any CPU.Build.0 = Debug|Any CPU
		{DB1E0A41-7033-48AE-9676-4538C9635223}.Release|Any CPU.ActiveCfg = Release|Any CPU
		{DB1E0A41-7033-48AE-9676-4538C9635223}.Release|Any CPU.Build.0 = Release|Any CPU
		{68854595-6CB8-4565-A459-9EF1D24A94BD}.Debug|Any CPU.ActiveCfg = Debug|Any CPU
		{68854595-6CB8-4565-A459-9EF1D24A94BD}.Debug|Any CPU.Build.0 = Debug|Any CPU
		{68854595-6CB8-4565-A459-9EF1D24A94BD}.Release|Any CPU.ActiveCfg = Release|Any CPU
		{68854595-6CB8-4565-A459-9EF1D24A94BD}.Release|Any CPU.Build.0 = Release|Any CPU
		{A9FE854A-E49B-4647-9899-9074D4BB3420}.Debug|Any CPU.ActiveCfg = Debug|Any CPU
		{A9FE854A-E49B-4647-9899-9074D4BB3420}.Debug|Any CPU.Build.0 = Debug|Any CPU
		{A9FE854A-E49B-4647-9899-9074D4BB3420}.Release|Any CPU.ActiveCfg = Release|Any CPU
		{A9FE854A-E49B-4647-9899-9074D4BB3420}.Release|Any CPU.Build.0 = Release|Any CPU
	EndGlobalSection
	GlobalSection(SolutionProperties) = preSolution
		HideSolutionNode = FALSE
	EndGlobalSection
	GlobalSection(ExtensibilityGlobals) = postSolution
		SolutionGuid = {075FE65F-3E11-475F-98E0-517CBDD7FF0E}
	EndGlobalSection
EndGlobal
